
Microsoft Visual Studio Solution File, Format Version 12.00
# Visual Studio 15
VisualStudioVersion = 15.0.28010.2050
MinimumVisualStudioVersion = 10.0.40219.1
Project("{9A19103F-16F7-4668-BE54-9A1E7A4F7556}") = "Image.Function", "Image.Function\Image.Function.csproj", "{BF524DDA-DCC1-4B5E-838B-EB28D5B36E7A}"
EndProject
Project("{FAE04EC0-301F-11D3-BF4B-00C04F79EFBC}") = "Image.Converter", "Image.Converter\Image.Converter.csproj", "{EF96CA61-A7C3-49AD-9866-29B231CC3D0C}"
EndProject
Project("{FAE04EC0-301F-11D3-BF4B-00C04F79EFBC}") = "Image.Tester", "Image.Tester\Image.Tester.csproj", "{73A8E8FA-CE71-42EF-9A4B-3EFF48FF5719}"
EndProject
Global
	GlobalSection(SolutionConfigurationPlatforms) = preSolution
		Debug|Any CPU = Debug|Any CPU
		Release|Any CPU = Release|Any CPU
	EndGlobalSection
	GlobalSection(ProjectConfigurationPlatforms) = postSolution
		{BF524DDA-DCC1-4B5E-838B-EB28D5B36E7A}.Debug|Any CPU.ActiveCfg = Debug|Any CPU
		{BF524DDA-DCC1-4B5E-838B-EB28D5B36E7A}.Debug|Any CPU.Build.0 = Debug|Any CPU
		{BF524DDA-DCC1-4B5E-838B-EB28D5B36E7A}.Release|Any CPU.ActiveCfg = Release|Any CPU
		{BF524DDA-DCC1-4B5E-838B-EB28D5B36E7A}.Release|Any CPU.Build.0 = Release|Any CPU
		{EF96CA61-A7C3-49AD-9866-29B231CC3D0C}.Debug|Any CPU.ActiveCfg = Debug|Any CPU
		{EF96CA61-A7C3-49AD-9866-29B231CC3D0C}.Debug|Any CPU.Build.0 = Debug|Any CPU
		{EF96CA61-A7C3-49AD-9866-29B231CC3D0C}.Release|Any CPU.ActiveCfg = Release|Any CPU
		{EF96CA61-A7C3-49AD-9866-29B231CC3D0C}.Release|Any CPU.Build.0 = Release|Any CPU
		{73A8E8FA-CE71-42EF-9A4B-3EFF48FF5719}.Debug|Any CPU.ActiveCfg = Debug|Any CPU
		{73A8E8FA-CE71-42EF-9A4B-3EFF48FF5719}.Debug|Any CPU.Build.0 = Debug|Any CPU
		{73A8E8FA-CE71-42EF-9A4B-3EFF48FF5719}.Release|Any CPU.ActiveCfg = Release|Any CPU
		{73A8E8FA-CE71-42EF-9A4B-3EFF48FF5719}.Release|Any CPU.Build.0 = Release|Any CPU
	EndGlobalSection
	GlobalSection(SolutionProperties) = preSolution
		HideSolutionNode = FALSE
	EndGlobalSection
	GlobalSection(ExtensibilityGlobals) = postSolution
		SolutionGuid = {3A310B30-7159-4BDD-967B-90BA1E833A72}
	EndGlobalSection
EndGlobal
